
Microsoft Visual Studio Solution File, Format Version 10.00
# Visual Studio 2008
Project("{FAE04EC0-301F-11D3-BF4B-00C04F79EFBC}") = "ReviewClient", "ReviewClient\ReviewClient.csproj", "{B88A9494-4C93-4198-A7EB-9B2BB43325FC}"
EndProject
Project("{54435603-DBB4-11D2-8724-00A0C9A8B90C}") = "SetupReviewClient", "SetupReviewClient\SetupReviewClient.vdproj", "{A6F7B021-3122-45B8-AD79-626CC116299A}"
EndProject
Project("{FAE04EC0-301F-11D3-BF4B-00C04F79EFBC}") = "permission", "permission\permission\permission.csproj", "{07BD402B-5570-4CEF-AE99-325EA6E345E7}"
EndProject
Global
	GlobalSection(SubversionScc) = preSolution
		Svn-Managed = True
		Manager = AnkhSVN - Subversion Support for Visual Studio
	EndGlobalSection
	GlobalSection(SolutionConfigurationPlatforms) = preSolution
		Debug|Any CPU = Debug|Any CPU
		Debug|Mixed Platforms = Debug|Mixed Platforms
		Debug|x86 = Debug|x86
		Release|Any CPU = Release|Any CPU
		Release|Mixed Platforms = Release|Mixed Platforms
		Release|x86 = Release|x86
	EndGlobalSection
	GlobalSection(ProjectConfigurationPlatforms) = postSolution
		{B88A9494-4C93-4198-A7EB-9B2BB43325FC}.Debug|Any CPU.ActiveCfg = Debug|Any CPU
		{B88A9494-4C93-4198-A7EB-9B2BB43325FC}.Debug|Any CPU.Build.0 = Debug|Any CPU
		{B88A9494-4C93-4198-A7EB-9B2BB43325FC}.Debug|Mixed Platforms.ActiveCfg = Debug|Any CPU
		{B88A9494-4C93-4198-A7EB-9B2BB43325FC}.Debug|Mixed Platforms.Build.0 = Debug|Any CPU
		{B88A9494-4C93-4198-A7EB-9B2BB43325FC}.Debug|x86.ActiveCfg = Debug|Any CPU
		{B88A9494-4C93-4198-A7EB-9B2BB43325FC}.Release|Any CPU.ActiveCfg = Release|Any CPU
		{B88A9494-4C93-4198-A7EB-9B2BB43325FC}.Release|Any CPU.Build.0 = Release|Any CPU
		{B88A9494-4C93-4198-A7EB-9B2BB43325FC}.Release|Mixed Platforms.ActiveCfg = Release|Any CPU
		{B88A9494-4C93-4198-A7EB-9B2BB43325FC}.Release|Mixed Platforms.Build.0 = Release|Any CPU
		{B88A9494-4C93-4198-A7EB-9B2BB43325FC}.Release|x86.ActiveCfg = Release|Any CPU
		{A6F7B021-3122-45B8-AD79-626CC116299A}.Debug|Any CPU.ActiveCfg = Debug
		{A6F7B021-3122-45B8-AD79-626CC116299A}.Debug|Any CPU.Build.0 = Debug
		{A6F7B021-3122-45B8-AD79-626CC116299A}.Debug|Mixed Platforms.ActiveCfg = Debug
		{A6F7B021-3122-45B8-AD79-626CC116299A}.Debug|Mixed Platforms.Build.0 = Debug
		{A6F7B021-3122-45B8-AD79-626CC116299A}.Debug|x86.ActiveCfg = Debug
		{A6F7B021-3122-45B8-AD79-626CC116299A}.Debug|x86.Build.0 = Debug
		{A6F7B021-3122-45B8-AD79-626CC116299A}.Release|Any CPU.ActiveCfg = Release
		{A6F7B021-3122-45B8-AD79-626CC116299A}.Release|Any CPU.Build.0 = Release
		{A6F7B021-3122-45B8-AD79-626CC116299A}.Release|Mixed Platforms.ActiveCfg = Release
		{A6F7B021-3122-45B8-AD79-626CC116299A}.Release|Mixed Platforms.Build.0 = Release
		{A6F7B021-3122-45B8-AD79-626CC116299A}.Release|x86.ActiveCfg = Release
		{A6F7B021-3122-45B8-AD79-626CC116299A}.Release|x86.Build.0 = Release
		{07BD402B-5570-4CEF-AE99-325EA6E345E7}.Debug|Any CPU.ActiveCfg = Debug|x86
		{07BD402B-5570-4CEF-AE99-325EA6E345E7}.Debug|Any CPU.Build.0 = Debug|x86
		{07BD402B-5570-4CEF-AE99-325EA6E345E7}.Debug|Mixed Platforms.ActiveCfg = Debug|x86
		{07BD402B-5570-4CEF-AE99-325EA6E345E7}.Debug|Mixed Platforms.Build.0 = Debug|x86
		{07BD402B-5570-4CEF-AE99-325EA6E345E7}.Debug|x86.ActiveCfg = Debug|x86
		{07BD402B-5570-4CEF-AE99-325EA6E345E7}.Debug|x86.Build.0 = Debug|x86
		{07BD402B-5570-4CEF-AE99-325EA6E345E7}.Release|Any CPU.ActiveCfg = Release|x86
		{07BD402B-5570-4CEF-AE99-325EA6E345E7}.Release|Any CPU.Build.0 = Release|x86
		{07BD402B-5570-4CEF-AE99-325EA6E345E7}.Release|Mixed Platforms.ActiveCfg = Release|x86
		{07BD402B-5570-4CEF-AE99-325EA6E345E7}.Release|Mixed Platforms.Build.0 = Release|x86
		{07BD402B-5570-4CEF-AE99-325EA6E345E7}.Release|x86.ActiveCfg = Release|x86
		{07BD402B-5570-4CEF-AE99-325EA6E345E7}.Release|x86.Build.0 = Release|x86
	EndGlobalSection
	GlobalSection(SolutionProperties) = preSolution
		HideSolutionNode = FALSE
	EndGlobalSection
EndGlobal
